// !$*UTF8*$!
{
	archiveVersion = 1;
	classes = {
	};
	objectVersion = 77;
	objects = {

/* Begin PBXBuildFile section */
		B2DAM0202FBAE00100D55358 /* AnchorDeviceActivityMonitor.appex in Embed Foundation Extensions */ = {isa = PBXBuildFile; fileRef = B2DAM0022FBAE00100D55358 /* AnchorDeviceActivityMonitor.appex */; settings = {ATTRIBUTES = (RemoveHeadersOnCopy, ); }; };
		C1WGT00A2FBAE00100D55358 /* AnchorWidgetExtension.appex in Embed Foundation Extensions */ = {isa = PBXBuildFile; fileRef = C1WGT0022FBAE00100D55358 /* AnchorWidgetExtension.appex */; settings = {ATTRIBUTES = (RemoveHeadersOnCopy, ); }; };
/* End PBXBuildFile section */

/* Begin PBXContainerItemProxy section */
		1DD00ABD2FB55D3E00D55358 /* PBXContainerItemProxy */ = {
			isa = PBXContainerItemProxy;
			containerPortal = 1DD00AA72FB55D3C00D55358 /* Project object */;
			proxyType = 1;
			remoteGlobalIDString = 1DD00AAE2FB55D3C00D55358;
			remoteInfo = Anchor;
		};
		1DD00AC72FB55D3E00D55358 /* PBXContainerItemProxy */ = {
			isa = PBXContainerItemProxy;
			containerPortal = 1DD00AA72FB55D3C00D55358 /* Project object */;
			proxyType = 1;
			remoteGlobalIDString = 1DD00AAE2FB55D3C00D55358;
			remoteInfo = Anchor;
		};
		B2DAM0122FBAE00100D55358 /* PBXContainerItemProxy */ = {
			isa = PBXContainerItemProxy;
			containerPortal = 1DD00AA72FB55D3C00D55358 /* Project object */;
			proxyType = 1;
			remoteGlobalIDString = B2DAM0032FBAE00100D55358;
			remoteInfo = AnchorDeviceActivityMonitor;
		};
		C1WGT00C2FBAE00100D55358 /* PBXContainerItemProxy */ = {
			isa = PBXContainerItemProxy;
			containerPortal = 1DD00AA72FB55D3C00D55358 /* Project object */;
			proxyType = 1;
			remoteGlobalIDString = C1WGT0032FBAE00100D55358;
			remoteInfo = AnchorWidgetExtension;
		};
/* End PBXContainerItemProxy section */

/* Begin PBXCopyFilesBuildPhase section */
		B2DAM0212FBAE00100D55358 /* Embed Foundation Extensions */ = {
			isa = PBXCopyFilesBuildPhase;
			buildActionMask = 2147483647;
			dstPath = "";
			dstSubfolderSpec = 13;
			files = (
				B2DAM0202FBAE00100D55358 /* AnchorDeviceActivityMonitor.appex in Embed Foundation Extensions */,
				C1WGT00A2FBAE00100D55358 /* AnchorWidgetExtension.appex in Embed Foundation Extensions */,
			);
			name = "Embed Foundation Extensions";
			runOnlyForDeploymentPostprocessing = 0;
		};
/* End PBXCopyFilesBuildPhase section */

/* Begin PBXFileReference section */
		1D1FC0B62FBA9D1500375B72 /* AnchorShieldAction.appex */ = {isa = PBXFileReference; explicitFileType = "wrapper.extensionkit-extension"; includeInIndex = 0; path = AnchorShieldAction.appex; sourceTree = BUILT_PRODUCTS_DIR; };
		1D1FD3C62FBAE04B00375B72 /* Products.storekit */ = {isa = PBXFileReference; lastKnownFileType = text.storekit; path = Products.storekit; sourceTree = "<group>"; };
		VRSN00012FBAE00100D55358 /* Version.xcconfig */ = {isa = PBXFileReference; lastKnownFileType = text.xcconfig; path = Version.xcconfig; sourceTree = "<group>"; };
		1DD00AAF2FB55D3C00D55358 /* 키링: Keyring.app */ = {isa = PBXFileReference; explicitFileType = wrapper.application; includeInIndex = 0; name = "키링: Keyring.app"; path = Keyring.app; sourceTree = BUILT_PRODUCTS_DIR; };
		1DD00ABC2FB55D3E00D55358 /* AnchorTests.xctest */ = {isa = PBXFileReference; explicitFileType = wrapper.cfbundle; includeInIndex = 0; path = AnchorTests.xctest; sourceTree = BUILT_PRODUCTS_DIR; };
		1DD00AC62FB55D3E00D55358 /* AnchorUITests.xctest */ = {isa = PBXFileReference; explicitFileType = wrapper.cfbundle; includeInIndex = 0; path = AnchorUITests.xctest; sourceTree = BUILT_PRODUCTS_DIR; };
		A10000202FB55D3E00D55358 /* AnchorShieldConfiguration.appex */ = {isa = PBXFileReference; explicitFileType = "wrapper.app-extension"; includeInIndex = 0; path = AnchorShieldConfiguration.appex; sourceTree = BUILT_PRODUCTS_DIR; };
		B2DAM0022FBAE00100D55358 /* AnchorDeviceActivityMonitor.appex */ = {isa = PBXFileReference; explicitFileType = "wrapper.app-extension"; includeInIndex = 0; path = AnchorDeviceActivityMonitor.appex; sourceTree = BUILT_PRODUCTS_DIR; };
		C1WGT0022FBAE00100D55358 /* AnchorWidgetExtension.appex */ = {isa = PBXFileReference; explicitFileType = "wrapper.app-extension"; includeInIndex = 0; path = AnchorWidgetExtension.appex; sourceTree = BUILT_PRODUCTS_DIR; };
/* End PBXFileReference section */

/* Begin PBXFileSystemSynchronizedBuildFileExceptionSet section */
		1D1FC0C12FBA9D1500375B72 /* Exceptions for "AnchorShieldAction" folder in "AnchorShieldAction" target */ = {
			isa = PBXFileSystemSynchronizedBuildFileExceptionSet;
			membershipExceptions = (
				Info.plist,
			);
			target = 1D1FC0B52FBA9D1500375B72 /* AnchorShieldAction */;
		};
/* End PBXFileSystemSynchronizedBuildFileExceptionSet section */

/* Begin PBXFileSystemSynchronizedRootGroup section */
		1D1FC0B72FBA9D1500375B72 /* AnchorShieldAction */ = {
			isa = PBXFileSystemSynchronizedRootGroup;
			exceptions = (
				1D1FC0C12FBA9D1500375B72 /* Exceptions for "AnchorShieldAction" folder in "AnchorShieldAction" target */,
			);
			path = AnchorShieldAction;
			sourceTree = "<group>";
		};
		1DD00AB12FB55D3C00D55358 /* Anchor */ = {
			isa = PBXFileSystemSynchronizedRootGroup;
			path = Anchor;
			sourceTree = "<group>";
		};
		1DD00ABF2FB55D3E00D55358 /* AnchorTests */ = {
			isa = PBXFileSystemSynchronizedRootGroup;
			path = AnchorTests;
			sourceTree = "<group>";
		};
		1DD00AC92FB55D3E00D55358 /* AnchorUITests */ = {
			isa = PBXFileSystemSynchronizedRootGroup;
			path = AnchorUITests;
			sourceTree = "<group>";
		};
		A10000102FB55D3E00D55358 /* AnchorShieldConfiguration */ = {
			isa = PBXFileSystemSynchronizedRootGroup;
			path = AnchorShieldConfiguration;
			sourceTree = "<group>";
		};
		A10000112FB55D3E00D55358 /* AnchorShieldAction */ = {
			isa = PBXFileSystemSynchronizedRootGroup;
			path = AnchorShieldAction;
			sourceTree = "<group>";
		};
		B2DAM0012FBAE00100D55358 /* AnchorDeviceActivityMonitor */ = {
			isa = PBXFileSystemSynchronizedRootGroup;
			path = AnchorDeviceActivityMonitor;
			sourceTree = "<group>";
		};
		C1WGT0012FBAE00100D55358 /* AnchorWidget */ = {
			isa = PBXFileSystemSynchronizedRootGroup;
			path = AnchorWidget;
			sourceTree = "<group>";
		};
/* End PBXFileSystemSynchronizedRootGroup section */

/* Begin PBXFrameworksBuildPhase section */
		1D1FC0B32FBA9D1500375B72 /* Frameworks */ = {
			isa = PBXFrameworksBuildPhase;
			buildActionMask = 2147483647;
			files = (
			);
			runOnlyForDeploymentPostprocessing = 0;
		};
		1DD00AAC2FB55D3C00D55358 /* Frameworks */ = {
			isa = PBXFrameworksBuildPhase;
			buildActionMask = 2147483647;
			files = (
			);
			runOnlyForDeploymentPostprocessing = 0;
		};
		1DD00AB92FB55D3E00D55358 /* Frameworks */ = {
			isa = PBXFrameworksBuildPhase;
			buildActionMask = 2147483647;
			files = (
			);
			runOnlyForDeploymentPostprocessing = 0;
		};
		1DD00AC32FB55D3E00D55358 /* Frameworks */ = {
			isa = PBXFrameworksBuildPhase;
			buildActionMask = 2147483647;
			files = (
			);
			runOnlyForDeploymentPostprocessing = 0;
		};
		A10001112FB55D3E00D55358 /* Frameworks */ = {
			isa = PBXFrameworksBuildPhase;
			buildActionMask = 2147483647;
			files = (
			);
			runOnlyForDeploymentPostprocessing = 0;
		};
		B2DAM0062FBAE00100D55358 /* Frameworks */ = {
			isa = PBXFrameworksBuildPhase;
			buildActionMask = 2147483647;
			files = (
			);
			runOnlyForDeploymentPostprocessing = 0;
		};
		C1WGT0062FBAE00100D55358 /* Frameworks */ = {
			isa = PBXFrameworksBuildPhase;
			buildActionMask = 2147483647;
			files = (
			);
			runOnlyForDeploymentPostprocessing = 0;
		};
/* End PBXFrameworksBuildPhase section */

/* Begin PBXGroup section */
		1DD00AA62FB55D3C00D55358 = {
			isa = PBXGroup;
			children = (
				VRSN00012FBAE00100D55358 /* Version.xcconfig */,
				1D1FD3C62FBAE04B00375B72 /* Products.storekit */,
				1DD00AB12FB55D3C00D55358 /* Anchor */,
				A10000102FB55D3E00D55358 /* AnchorShieldConfiguration */,
				A10000112FB55D3E00D55358 /* AnchorShieldAction */,
				1DD00ABF2FB55D3E00D55358 /* AnchorTests */,
				1DD00AC92FB55D3E00D55358 /* AnchorUITests */,
				1D1FC0B72FBA9D1500375B72 /* AnchorShieldAction */,
				B2DAM0012FBAE00100D55358 /* AnchorDeviceActivityMonitor */,
				C1WGT0012FBAE00100D55358 /* AnchorWidget */,
				1DD00AB02FB55D3C00D55358 /* Products */,
			);
			sourceTree = "<group>";
		};
		1DD00AB02FB55D3C00D55358 /* Products */ = {
			isa = PBXGroup;
			children = (
				1DD00AAF2FB55D3C00D55358 /* 키링: Keyring.app */,
				A10000202FB55D3E00D55358 /* AnchorShieldConfiguration.appex */,
				1DD00ABC2FB55D3E00D55358 /* AnchorTests.xctest */,
				1DD00AC62FB55D3E00D55358 /* AnchorUITests.xctest */,
				1D1FC0B62FBA9D1500375B72 /* AnchorShieldAction.appex */,
				B2DAM0022FBAE00100D55358 /* AnchorDeviceActivityMonitor.appex */,
				C1WGT0022FBAE00100D55358 /* AnchorWidgetExtension.appex */,
			);
			name = Products;
			sourceTree = "<group>";
		};
/* End PBXGroup section */

/* Begin PBXNativeTarget section */
		1D1FC0B52FBA9D1500375B72 /* AnchorShieldAction */ = {
			isa = PBXNativeTarget;
			buildConfigurationList = 1D1FC0C22FBA9D1500375B72 /* Build configuration list for PBXNativeTarget "AnchorShieldAction" */;
			buildPhases = (
				1D1FC0B22FBA9D1500375B72 /* Sources */,
				1D1FC0B32FBA9D1500375B72 /* Frameworks */,
				1D1FC0B42FBA9D1500375B72 /* Resources */,
			);
			buildRules = (
			);
			dependencies = (
			);
			fileSystemSynchronizedGroups = (
				1D1FC0B72FBA9D1500375B72 /* AnchorShieldAction */,
			);
			name = AnchorShieldAction;
			packageProductDependencies = (
			);
			productName = AnchorShieldAction;
			productReference = 1D1FC0B62FBA9D1500375B72 /* AnchorShieldAction.appex */;
			productType = "com.apple.product-type.extensionkit-extension";
		};
		1DD00AAE2FB55D3C00D55358 /* Anchor */ = {
			isa = PBXNativeTarget;
			buildConfigurationList = 1DD00AD02FB55D3E00D55358 /* Build configuration list for PBXNativeTarget "Anchor" */;
			buildPhases = (
				1DD00AAB2FB55D3C00D55358 /* Sources */,
				1DD00AAC2FB55D3C00D55358 /* Frameworks */,
				1DD00AAD2FB55D3C00D55358 /* Resources */,
				B2DAM0212FBAE00100D55358 /* Embed Foundation Extensions */,
			);
			buildRules = (
			);
			dependencies = (
				B2DAM0112FBAE00100D55358 /* PBXTargetDependency */,
				C1WGT00B2FBAE00100D55358 /* PBXTargetDependency */,
			);
			fileSystemSynchronizedGroups = (
				1DD00AB12FB55D3C00D55358 /* Anchor */,
			);
			name = Anchor;
			packageProductDependencies = (
			);
			productName = Anchor;
			productReference = 1DD00AAF2FB55D3C00D55358 /* 키링: Keyring.app */;
			productType = "com.apple.product-type.application";
		};
		1DD00ABB2FB55D3E00D55358 /* AnchorTests */ = {
			isa = PBXNativeTarget;
			buildConfigurationList = 1DD00AD32FB55D3E00D55358 /* Build configuration list for PBXNativeTarget "AnchorTests" */;
			buildPhases = (
				1DD00AB82FB55D3E00D55358 /* Sources */,
				1DD00AB92FB55D3E00D55358 /* Frameworks */,
				1DD00ABA2FB55D3E00D55358 /* Resources */,
			);
			buildRules = (
			);
			dependencies = (
				1DD00ABE2FB55D3E00D55358 /* PBXTargetDependency */,
			);
			fileSystemSynchronizedGroups = (
				1DD00ABF2FB55D3E00D55358 /* AnchorTests */,
			);
			name = AnchorTests;
			packageProductDependencies = (
			);
			productName = AnchorTests;
			productReference = 1DD00ABC2FB55D3E00D55358 /* AnchorTests.xctest */;
			productType = "com.apple.product-type.bundle.unit-test";
		};
		1DD00AC52FB55D3E00D55358 /* AnchorUITests */ = {
			isa = PBXNativeTarget;
			buildConfigurationList = 1DD00AD62FB55D3E00D55358 /* Build configuration list for PBXNativeTarget "AnchorUITests" */;
			buildPhases = (
				1DD00AC22FB55D3E00D55358 /* Sources */,
				1DD00AC32FB55D3E00D55358 /* Frameworks */,
				1DD00AC42FB55D3E00D55358 /* Resources */,
			);
			buildRules = (
			);
			dependencies = (
				1DD00AC82FB55D3E00D55358 /* PBXTargetDependency */,
			);
			fileSystemSynchronizedGroups = (
				1DD00AC92FB55D3E00D55358 /* AnchorUITests */,
			);
			name = AnchorUITests;
			packageProductDependencies = (
			);
			productName = AnchorUITests;
			productReference = 1DD00AC62FB55D3E00D55358 /* AnchorUITests.xctest */;
			productType = "com.apple.product-type.bundle.ui-testing";
		};
		A10000012FB55D3E00D55358 /* AnchorShieldConfiguration */ = {
			isa = PBXNativeTarget;
			buildConfigurationList = A10000D02FB55D3E00D55358 /* Build configuration list for PBXNativeTarget "AnchorShieldConfiguration" */;
			buildPhases = (
				A10001102FB55D3E00D55358 /* Sources */,
				A10001112FB55D3E00D55358 /* Frameworks */,
				A10001122FB55D3E00D55358 /* Resources */,
			);
			buildRules = (
			);
			dependencies = (
			);
			fileSystemSynchronizedGroups = (
				A10000102FB55D3E00D55358 /* AnchorShieldConfiguration */,
			);
			name = AnchorShieldConfiguration;
			packageProductDependencies = (
			);
			productName = AnchorShieldConfiguration;
			productReference = A10000202FB55D3E00D55358 /* AnchorShieldConfiguration.appex */;
			productType = "com.apple.product-type.app-extension";
		};
		B2DAM0032FBAE00100D55358 /* AnchorDeviceActivityMonitor */ = {
			isa = PBXNativeTarget;
			buildConfigurationList = B2DAM0072FBAE00100D55358 /* Build configuration list for PBXNativeTarget "AnchorDeviceActivityMonitor" */;
			buildPhases = (
				B2DAM0042FBAE00100D55358 /* Sources */,
				B2DAM0062FBAE00100D55358 /* Frameworks */,
				B2DAM0052FBAE00100D55358 /* Resources */,
			);
			buildRules = (
			);
			dependencies = (
			);
			fileSystemSynchronizedGroups = (
				B2DAM0012FBAE00100D55358 /* AnchorDeviceActivityMonitor */,
			);
			name = AnchorDeviceActivityMonitor;
			packageProductDependencies = (
			);
			productName = AnchorDeviceActivityMonitor;
			productReference = B2DAM0022FBAE00100D55358 /* AnchorDeviceActivityMonitor.appex */;
			productType = "com.apple.product-type.app-extension";
		};
		C1WGT0032FBAE00100D55358 /* AnchorWidgetExtension */ = {
			isa = PBXNativeTarget;
			buildConfigurationList = C1WGT0072FBAE00100D55358 /* Build configuration list for PBXNativeTarget "AnchorWidgetExtension" */;
			buildPhases = (
				C1WGT0042FBAE00100D55358 /* Sources */,
				C1WGT0062FBAE00100D55358 /* Frameworks */,
				C1WGT0052FBAE00100D55358 /* Resources */,
			);
			buildRules = (
			);
			dependencies = (
			);
			fileSystemSynchronizedGroups = (
				C1WGT0012FBAE00100D55358 /* AnchorWidget */,
			);
			name = AnchorWidgetExtension;
			packageProductDependencies = (
			);
			productName = AnchorWidgetExtension;
			productReference = C1WGT0022FBAE00100D55358 /* AnchorWidgetExtension.appex */;
			productType = "com.apple.product-type.app-extension";
		};
/* End PBXNativeTarget section */

/* Begin PBXProject section */
		1DD00AA72FB55D3C00D55358 /* Project object */ = {
			isa = PBXProject;
			attributes = {
				BuildIndependentTargetsInParallel = 1;
				LastSwiftUpdateCheck = 2650;
				LastUpgradeCheck = 2640;
				TargetAttributes = {
					1D1FC0B52FBA9D1500375B72 = {
						CreatedOnToolsVersion = 26.5;
					};
					1DD00AAE2FB55D3C00D55358 = {
						CreatedOnToolsVersion = 26.4.1;
					};
					1DD00ABB2FB55D3E00D55358 = {
						CreatedOnToolsVersion = 26.4.1;
						TestTargetID = 1DD00AAE2FB55D3C00D55358;
					};
					1DD00AC52FB55D3E00D55358 = {
						CreatedOnToolsVersion = 26.4.1;
						TestTargetID = 1DD00AAE2FB55D3C00D55358;
					};
					A10000012FB55D3E00D55358 = {
						CreatedOnToolsVersion = 26.4.1;
					};
					B2DAM0032FBAE00100D55358 = {
						CreatedOnToolsVersion = 26.5;
					};
				};
			};
			buildConfigurationList = 1DD00AAA2FB55D3C00D55358 /* Build configuration list for PBXProject "Anchor" */;
			developmentRegion = en;
			hasScannedForEncodings = 0;
			knownRegions = (
				en,
				Base,
			);
			mainGroup = 1DD00AA62FB55D3C00D55358;
			minimizedProjectReferenceProxies = 1;
			preferredProjectObjectVersion = 77;
			productRefGroup = 1DD00AB02FB55D3C00D55358 /* Products */;
			projectDirPath = "";
			projectRoot = "";
			targets = (
				1DD00AAE2FB55D3C00D55358 /* Anchor */,
				A10000012FB55D3E00D55358 /* AnchorShieldConfiguration */,
				1DD00ABB2FB55D3E00D55358 /* AnchorTests */,
				1DD00AC52FB55D3E00D55358 /* AnchorUITests */,
				1D1FC0B52FBA9D1500375B72 /* AnchorShieldAction */,
				B2DAM0032FBAE00100D55358 /* AnchorDeviceActivityMonitor */,
				C1WGT0032FBAE00100D55358 /* AnchorWidgetExtension */,
			);
		};
/* End PBXProject section */

/* Begin PBXResourcesBuildPhase section */
		1D1FC0B42FBA9D1500375B72 /* Resources */ = {
			isa = PBXResourcesBuildPhase;
			buildActionMask = 2147483647;
			files = (
			);
			runOnlyForDeploymentPostprocessing = 0;
		};
		1DD00AAD2FB55D3C00D55358 /* Resources */ = {
			isa = PBXResourcesBuildPhase;
			buildActionMask = 2147483647;
			files = (
			);
			runOnlyForDeploymentPostprocessing = 0;
		};
		1DD00ABA2FB55D3E00D55358 /* Resources */ = {
			isa = PBXResourcesBuildPhase;
			buildActionMask = 2147483647;
			files = (
			);
			runOnlyForDeploymentPostprocessing = 0;
		};
		1DD00AC42FB55D3E00D55358 /* Resources */ = {
			isa = PBXResourcesBuildPhase;
			buildActionMask = 2147483647;
			files = (
			);
			runOnlyForDeploymentPostprocessing = 0;
		};
		A10001122FB55D3E00D55358 /* Resources */ = {
			isa = PBXResourcesBuildPhase;
			buildActionMask = 2147483647;
			files = (
			);
			runOnlyForDeploymentPostprocessing = 0;
		};
		B2DAM0052FBAE00100D55358 /* Resources */ = {
			isa = PBXResourcesBuildPhase;
			buildActionMask = 2147483647;
			files = (
			);
			runOnlyForDeploymentPostprocessing = 0;
		};
		C1WGT0052FBAE00100D55358 /* Resources */ = {
			isa = PBXResourcesBuildPhase;
			buildActionMask = 2147483647;
			files = (
			);
			runOnlyForDeploymentPostprocessing = 0;
		};
/* End PBXResourcesBuildPhase section */

/* Begin PBXSourcesBuildPhase section */
		1D1FC0B22FBA9D1500375B72 /* Sources */ = {
			isa = PBXSourcesBuildPhase;
			buildActionMask = 2147483647;
			files = (
			);
			runOnlyForDeploymentPostprocessing = 0;
		};
		1DD00AAB2FB55D3C00D55358 /* Sources */ = {
			isa = PBXSourcesBuildPhase;
			buildActionMask = 2147483647;
			files = (
			);
			runOnlyForDeploymentPostprocessing = 0;
		};
		1DD00AB82FB55D3E00D55358 /* Sources */ = {
			isa = PBXSourcesBuildPhase;
			buildActionMask = 2147483647;
			files = (
			);
			runOnlyForDeploymentPostprocessing = 0;
		};
		1DD00AC22FB55D3E00D55358 /* Sources */ = {
			isa = PBXSourcesBuildPhase;
			buildActionMask = 2147483647;
			files = (
			);
			runOnlyForDeploymentPostprocessing = 0;
		};
		A10001102FB55D3E00D55358 /* Sources */ = {
			isa = PBXSourcesBuildPhase;
			buildActionMask = 2147483647;
			files = (
			);
			runOnlyForDeploymentPostprocessing = 0;
		};
		B2DAM0042FBAE00100D55358 /* Sources */ = {
			isa = PBXSourcesBuildPhase;
			buildActionMask = 2147483647;
			files = (
			);
			runOnlyForDeploymentPostprocessing = 0;
		};
		C1WGT0042FBAE00100D55358 /* Sources */ = {
			isa = PBXSourcesBuildPhase;
			buildActionMask = 2147483647;
			files = (
			);
			runOnlyForDeploymentPostprocessing = 0;
		};
/* End PBXSourcesBuildPhase section */

/* Begin PBXTargetDependency section */
		1DD00ABE2FB55D3E00D55358 /* PBXTargetDependency */ = {
			isa = PBXTargetDependency;
			target = 1DD00AAE2FB55D3C00D55358 /* Anchor */;
			targetProxy = 1DD00ABD2FB55D3E00D55358 /* PBXContainerItemProxy */;
		};
		1DD00AC82FB55D3E00D55358 /* PBXTargetDependency */ = {
			isa = PBXTargetDependency;
			target = 1DD00AAE2FB55D3C00D55358 /* Anchor */;
			targetProxy = 1DD00AC72FB55D3E00D55358 /* PBXContainerItemProxy */;
		};
		B2DAM0112FBAE00100D55358 /* PBXTargetDependency */ = {
			isa = PBXTargetDependency;
			target = B2DAM0032FBAE00100D55358 /* AnchorDeviceActivityMonitor */;
			targetProxy = B2DAM0122FBAE00100D55358 /* PBXContainerItemProxy */;
		};
		C1WGT00B2FBAE00100D55358 /* PBXTargetDependency */ = {
			isa = PBXTargetDependency;
			target = C1WGT0032FBAE00100D55358 /* AnchorWidgetExtension */;
			targetProxy = C1WGT00C2FBAE00100D55358 /* PBXContainerItemProxy */;
		};
/* End PBXTargetDependency section */

/* Begin XCBuildConfiguration section */
		1D1FC0BF2FBA9D1500375B72 /* Debug */ = {
			isa = XCBuildConfiguration;
			buildSettings = {
				CODE_SIGN_STYLE = Automatic;
				DEVELOPMENT_TEAM = 6YASPU77L7;
				GENERATE_INFOPLIST_FILE = YES;
				INFOPLIST_FILE = AnchorShieldConfigurationInfo.plist;
				INFOPLIST_KEY_CFBundleDisplayName = AnchorShieldAction;
				INFOPLIST_KEY_NSHumanReadableCopyright = "";
				IPHONEOS_DEPLOYMENT_TARGET = 26.5;
				LD_RUNPATH_SEARCH_PATHS = (
					"$(inherited)",
					"@executable_path/Frameworks",
					"@executable_path/../../Frameworks",
				);
				NEW_SETTING = "";
				NEW_SETTING1 = "";
				PRODUCT_BUNDLE_IDENTIFIER = com.rbqls6651.anchor.ShieldAction;
				PRODUCT_NAME = "$(TARGET_NAME)";
				SKIP_INSTALL = YES;
				STRING_CATALOG_GENERATE_SYMBOLS = YES;
				SWIFT_APPROACHABLE_CONCURRENCY = YES;
				SWIFT_EMIT_LOC_STRINGS = YES;
				SWIFT_UPCOMING_FEATURE_MEMBER_IMPORT_VISIBILITY = YES;
				SWIFT_VERSION = 5.0;
				TARGETED_DEVICE_FAMILY = "1,2";
			};
			name = Debug;
		};
		1D1FC0C02FBA9D1500375B72 /* Release */ = {
			isa = XCBuildConfiguration;
			buildSettings = {
				CODE_SIGN_STYLE = Automatic;
				DEVELOPMENT_TEAM = 6YASPU77L7;
				GENERATE_INFOPLIST_FILE = YES;
				INFOPLIST_FILE = AnchorShieldConfigurationInfo.plist;
				INFOPLIST_KEY_CFBundleDisplayName = AnchorShieldAction;
				INFOPLIST_KEY_NSHumanReadableCopyright = "";
				IPHONEOS_DEPLOYMENT_TARGET = 26.5;
				LD_RUNPATH_SEARCH_PATHS = (
					"$(inherited)",
					"@executable_path/Frameworks",
					"@executable_path/../../Frameworks",
				);
				NEW_SETTING = "";
				NEW_SETTING1 = "";
				PRODUCT_BUNDLE_IDENTIFIER = com.rbqls6651.anchor.ShieldAction;
				PRODUCT_NAME = "$(TARGET_NAME)";
				SKIP_INSTALL = YES;
				STRING_CATALOG_GENERATE_SYMBOLS = YES;
				SWIFT_APPROACHABLE_CONCURRENCY = YES;
				SWIFT_EMIT_LOC_STRINGS = YES;
				SWIFT_UPCOMING_FEATURE_MEMBER_IMPORT_VISIBILITY = YES;
				SWIFT_VERSION = 5.0;
				TARGETED_DEVICE_FAMILY = "1,2";
			};
			name = Release;
		};
		1DD00ACE2FB55D3E00D55358 /* Debug */ = {
			isa = XCBuildConfiguration;
			baseConfigurationReference = VRSN00012FBAE00100D55358 /* Version.xcconfig */;
			buildSettings = {
				ALWAYS_SEARCH_USER_PATHS = NO;
				ASSETCATALOG_COMPILER_GENERATE_SWIFT_ASSET_SYMBOL_EXTENSIONS = YES;
				CLANG_ANALYZER_NONNULL = YES;
				CLANG_ANALYZER_NUMBER_OBJECT_CONVERSION = YES_AGGRESSIVE;
				CLANG_CXX_LANGUAGE_STANDARD = "gnu++20";
				CLANG_ENABLE_MODULES = YES;
				CLANG_ENABLE_OBJC_ARC = YES;
				CLANG_ENABLE_OBJC_WEAK = YES;
				CLANG_WARN_BLOCK_CAPTURE_AUTORELEASING = YES;
				CLANG_WARN_BOOL_CONVERSION = YES;
				CLANG_WARN_COMMA = YES;
				CLANG_WARN_CONSTANT_CONVERSION = YES;
				CLANG_WARN_DEPRECATED_OBJC_IMPLEMENTATIONS = YES;
				CLANG_WARN_DIRECT_OBJC_ISA_USAGE = YES_ERROR;
				CLANG_WARN_DOCUMENTATION_COMMENTS = YES;
				CLANG_WARN_EMPTY_BODY = YES;
				CLANG_WARN_ENUM_CONVERSION = YES;
				CLANG_WARN_INFINITE_RECURSION = YES;
				CLANG_WARN_INT_CONVERSION = YES;
				CLANG_WARN_NON_LITERAL_NULL_CONVERSION = YES;
				CLANG_WARN_OBJC_IMPLICIT_RETAIN_SELF = YES;
				CLANG_WARN_OBJC_LITERAL_CONVERSION = YES;
				CLANG_WARN_OBJC_ROOT_CLASS = YES_ERROR;
				CLANG_WARN_QUOTED_INCLUDE_IN_FRAMEWORK_HEADER = YES;
				CLANG_WARN_RANGE_LOOP_ANALYSIS = YES;
				CLANG_WARN_STRICT_PROTOTYPES = YES;
				CLANG_WARN_SUSPICIOUS_MOVE = YES;
				CLANG_WARN_UNGUARDED_AVAILABILITY = YES_AGGRESSIVE;
				CLANG_WARN_UNREACHABLE_CODE = YES;
				CLANG_WARN__DUPLICATE_METHOD_MATCH = YES;
				COPY_PHASE_STRIP = NO;
				DEBUG_INFORMATION_FORMAT = dwarf;
				DEVELOPMENT_TEAM = 6YASPU77L7;
				ENABLE_STRICT_OBJC_MSGSEND = YES;
				ENABLE_TESTABILITY = YES;
				ENABLE_USER_SCRIPT_SANDBOXING = YES;
				GCC_C_LANGUAGE_STANDARD = gnu17;
				GCC_DYNAMIC_NO_PIC = NO;
				GCC_NO_COMMON_BLOCKS = YES;
				GCC_OPTIMIZATION_LEVEL = 0;
				GCC_PREPROCESSOR_DEFINITIONS = (
					"DEBUG=1",
					"$(inherited)",
				);
				GCC_WARN_64_TO_32_BIT_CONVERSION = YES;
				GCC_WARN_ABOUT_RETURN_TYPE = YES_ERROR;
				GCC_WARN_UNDECLARED_SELECTOR = YES;
				GCC_WARN_UNINITIALIZED_AUTOS = YES_AGGRESSIVE;
				GCC_WARN_UNUSED_FUNCTION = YES;
				GCC_WARN_UNUSED_VARIABLE = YES;
				IPHONEOS_DEPLOYMENT_TARGET = 17.0;
				LOCALIZATION_PREFERS_STRING_CATALOGS = YES;
				MTL_ENABLE_DEBUG_INFO = INCLUDE_SOURCE;
				MTL_FAST_MATH = YES;
				ONLY_ACTIVE_ARCH = YES;
				SDKROOT = iphoneos;
				SWIFT_ACTIVE_COMPILATION_CONDITIONS = "DEBUG $(inherited)";
				SWIFT_OPTIMIZATION_LEVEL = "-Onone";
			};
			name = Debug;
		};
		1DD00ACF2FB55D3E00D55358 /* Release */ = {
			isa = XCBuildConfiguration;
			baseConfigurationReference = VRSN00012FBAE00100D55358 /* Version.xcconfig */;
			buildSettings = {
				ALWAYS_SEARCH_USER_PATHS = NO;
				ASSETCATALOG_COMPILER_GENERATE_SWIFT_ASSET_SYMBOL_EXTENSIONS = YES;
				CLANG_ANALYZER_NONNULL = YES;
				CLANG_ANALYZER_NUMBER_OBJECT_CONVERSION = YES_AGGRESSIVE;
				CLANG_CXX_LANGUAGE_STANDARD = "gnu++20";
				CLANG_ENABLE_MODULES = YES;
				CLANG_ENABLE_OBJC_ARC = YES;
				CLANG_ENABLE_OBJC_WEAK = YES;
				CLANG_WARN_BLOCK_CAPTURE_AUTORELEASING = YES;
				CLANG_WARN_BOOL_CONVERSION = YES;
				CLANG_WARN_COMMA = YES;
				CLANG_WARN_CONSTANT_CONVERSION = YES;
				CLANG_WARN_DEPRECATED_OBJC_IMPLEMENTATIONS = YES;
				CLANG_WARN_DIRECT_OBJC_ISA_USAGE = YES_ERROR;
				CLANG_WARN_DOCUMENTATION_COMMENTS = YES;
				CLANG_WARN_EMPTY_BODY = YES;
				CLANG_WARN_ENUM_CONVERSION = YES;
				CLANG_WARN_INFINITE_RECURSION = YES;
				CLANG_WARN_INT_CONVERSION = YES;
				CLANG_WARN_NON_LITERAL_NULL_CONVERSION = YES;
				CLANG_WARN_OBJC_IMPLICIT_RETAIN_SELF = YES;
				CLANG_WARN_OBJC_LITERAL_CONVERSION = YES;
				CLANG_WARN_OBJC_ROOT_CLASS = YES_ERROR;
				CLANG_WARN_QUOTED_INCLUDE_IN_FRAMEWORK_HEADER = YES;
				CLANG_WARN_RANGE_LOOP_ANALYSIS = YES;
				CLANG_WARN_STRICT_PROTOTYPES = YES;
				CLANG_WARN_SUSPICIOUS_MOVE = YES;
				CLANG_WARN_UNGUARDED_AVAILABILITY = YES_AGGRESSIVE;
				CLANG_WARN_UNREACHABLE_CODE = YES;
				CLANG_WARN__DUPLICATE_METHOD_MATCH = YES;
				COPY_PHASE_STRIP = NO;
				DEBUG_INFORMATION_FORMAT = "dwarf-with-dsym";
				DEVELOPMENT_TEAM = 6YASPU77L7;
				ENABLE_NS_ASSERTIONS = NO;
				ENABLE_STRICT_OBJC_MSGSEND = YES;
				ENABLE_USER_SCRIPT_SANDBOXING = YES;
				GCC_C_LANGUAGE_STANDARD = gnu17;
				GCC_NO_COMMON_BLOCKS = YES;
				GCC_WARN_64_TO_32_BIT_CONVERSION = YES;
				GCC_WARN_ABOUT_RETURN_TYPE = YES_ERROR;
				GCC_WARN_UNDECLARED_SELECTOR = YES;
				GCC_WARN_UNINITIALIZED_AUTOS = YES_AGGRESSIVE;
				GCC_WARN_UNUSED_FUNCTION = YES;
				GCC_WARN_UNUSED_VARIABLE = YES;
				IPHONEOS_DEPLOYMENT_TARGET = 17.0;
				LOCALIZATION_PREFERS_STRING_CATALOGS = YES;
				MTL_ENABLE_DEBUG_INFO = NO;
				MTL_FAST_MATH = YES;
				SDKROOT = iphoneos;
				SWIFT_COMPILATION_MODE = wholemodule;
				VALIDATE_PRODUCT = YES;
			};
			name = Release;
		};
		1DD00AD12FB55D3E00D55358 /* Debug */ = {
			isa = XCBuildConfiguration;
			buildSettings = {
				APPLICATION_EXTENSION_API_ONLY = NO;
				ASSETCATALOG_COMPILER_APPICON_NAME = AppIcon;
				ASSETCATALOG_COMPILER_GLOBAL_ACCENT_COLOR_NAME = AccentColor;
				CODE_SIGN_ENTITLEMENTS = Anchor/AnchorDebug.entitlements;
				CODE_SIGN_STYLE = Automatic;
				DEVELOPMENT_TEAM = 6YASPU77L7;
				ENABLE_PREVIEWS = YES;
				GENERATE_INFOPLIST_FILE = YES;
				INFOPLIST_KEY_CFBundleDisplayName = "키링:Keyring";
				INFOPLIST_KEY_NSFamilyControlsUsageDescription = "루틴이 끝나기 전까지 선택한 앱(예: Safari) 사용을 제한하기 위해 Screen Time 연동이 필요합니다.";
				INFOPLIST_KEY_NSUserNotificationsUsageDescription = "루틴 시작 알림과 미완료 리마인더를 보내기 위해 알림 권한이 필요합니다.";
				INFOPLIST_KEY_UIApplicationSceneManifest_Generation = YES;
				INFOPLIST_KEY_UIApplicationSupportsIndirectInputEvents = YES;
				INFOPLIST_KEY_UILaunchScreen_Generation = YES;
				INFOPLIST_KEY_UISupportedInterfaceOrientations_iPad = "UIInterfaceOrientationPortrait UIInterfaceOrientationPortraitUpsideDown UIInterfaceOrientationLandscapeLeft UIInterfaceOrientationLandscapeRight";
				INFOPLIST_KEY_UISupportedInterfaceOrientations_iPhone = "UIInterfaceOrientationPortrait UIInterfaceOrientationLandscapeLeft UIInterfaceOrientationLandscapeRight";
				INFOPLIST_KEY_UIUserInterfaceStyle = Automatic;
				LD_RUNPATH_SEARCH_PATHS = (
					"$(inherited)",
					"@executable_path/Frameworks",
				);
				PRODUCT_BUNDLE_IDENTIFIER = com.rbqls6651.anchor;
				PRODUCT_NAME = Keyring;
				STRING_CATALOG_GENERATE_SYMBOLS = YES;
				SWIFT_APPROACHABLE_CONCURRENCY = YES;
				SWIFT_DEFAULT_ACTOR_ISOLATION = MainActor;
				SWIFT_EMIT_LOC_STRINGS = YES;
				SWIFT_UPCOMING_FEATURE_MEMBER_IMPORT_VISIBILITY = YES;
				SWIFT_VERSION = 5.0;
				TARGETED_DEVICE_FAMILY = "1,2";
			};
			name = Debug;
		};
		1DD00AD22FB55D3E00D55358 /* Release */ = {
			isa = XCBuildConfiguration;
			buildSettings = {
				APPLICATION_EXTENSION_API_ONLY = NO;
				ASSETCATALOG_COMPILER_APPICON_NAME = AppIcon;
				ASSETCATALOG_COMPILER_GLOBAL_ACCENT_COLOR_NAME = AccentColor;
				CODE_SIGN_ENTITLEMENTS = Anchor/Anchor.entitlements;
				CODE_SIGN_STYLE = Automatic;
				DEVELOPMENT_TEAM = 6YASPU77L7;
				ENABLE_PREVIEWS = YES;
				GENERATE_INFOPLIST_FILE = YES;
				INFOPLIST_KEY_CFBundleDisplayName = "키링:Keyring";
				INFOPLIST_KEY_NSFamilyControlsUsageDescription = "루틴이 끝나기 전까지 선택한 앱(예: Safari) 사용을 제한하기 위해 Screen Time 연동이 필요합니다.";
				INFOPLIST_KEY_NSUserNotificationsUsageDescription = "루틴 시작 알림과 미완료 리마인더를 보내기 위해 알림 권한이 필요합니다.";
				INFOPLIST_KEY_UIApplicationSceneManifest_Generation = YES;
				INFOPLIST_KEY_UIApplicationSupportsIndirectInputEvents = YES;
				INFOPLIST_KEY_UILaunchScreen_Generation = YES;
				INFOPLIST_KEY_UISupportedInterfaceOrientations_iPad = "UIInterfaceOrientationPortrait UIInterfaceOrientationPortraitUpsideDown UIInterfaceOrientationLandscapeLeft UIInterfaceOrientationLandscapeRight";
				INFOPLIST_KEY_UISupportedInterfaceOrientations_iPhone = "UIInterfaceOrientationPortrait UIInterfaceOrientationLandscapeLeft UIInterfaceOrientationLandscapeRight";
				INFOPLIST_KEY_UIUserInterfaceStyle = Automatic;
				LD_RUNPATH_SEARCH_PATHS = (
					"$(inherited)",
					"@executable_path/Frameworks",
				);
				PRODUCT_BUNDLE_IDENTIFIER = com.rbqls6651.anchor;
				PRODUCT_NAME = Keyring;
				STRING_CATALOG_GENERATE_SYMBOLS = YES;
				SWIFT_APPROACHABLE_CONCURRENCY = YES;
				SWIFT_DEFAULT_ACTOR_ISOLATION = MainActor;
				SWIFT_EMIT_LOC_STRINGS = YES;
				SWIFT_UPCOMING_FEATURE_MEMBER_IMPORT_VISIBILITY = YES;
				SWIFT_VERSION = 5.0;
				TARGETED_DEVICE_FAMILY = "1,2";
			};
			name = Release;
		};
		1DD00AD42FB55D3E00D55358 /* Debug */ = {
			isa = XCBuildConfiguration;
			buildSettings = {
				BUNDLE_LOADER = "$(TEST_HOST)";
				CODE_SIGN_STYLE = Automatic;
				DEVELOPMENT_TEAM = 6YASPU77L7;
				GENERATE_INFOPLIST_FILE = YES;
				IPHONEOS_DEPLOYMENT_TARGET = 17.0;
				PRODUCT_BUNDLE_IDENTIFIER = com.Bin.AnchorTests;
				PRODUCT_NAME = "$(TARGET_NAME)";
				STRING_CATALOG_GENERATE_SYMBOLS = NO;
				SWIFT_APPROACHABLE_CONCURRENCY = YES;
				SWIFT_EMIT_LOC_STRINGS = NO;
				SWIFT_UPCOMING_FEATURE_MEMBER_IMPORT_VISIBILITY = YES;
				SWIFT_VERSION = 5.0;
				TARGETED_DEVICE_FAMILY = "1,2";
				TEST_HOST = "$(BUILT_PRODUCTS_DIR)/Anchor.app/$(BUNDLE_EXECUTABLE_FOLDER_PATH)/Anchor";
			};
			name = Debug;
		};
		1DD00AD52FB55D3E00D55358 /* Release */ = {
			isa = XCBuildConfiguration;
			buildSettings = {
				BUNDLE_LOADER = "$(TEST_HOST)";
				CODE_SIGN_STYLE = Automatic;
				DEVELOPMENT_TEAM = 6YASPU77L7;
				GENERATE_INFOPLIST_FILE = YES;
				IPHONEOS_DEPLOYMENT_TARGET = 17.0;
				PRODUCT_BUNDLE_IDENTIFIER = com.Bin.AnchorTests;
				PRODUCT_NAME = "$(TARGET_NAME)";
				STRING_CATALOG_GENERATE_SYMBOLS = NO;
				SWIFT_APPROACHABLE_CONCURRENCY = YES;
				SWIFT_EMIT_LOC_STRINGS = NO;
				SWIFT_UPCOMING_FEATURE_MEMBER_IMPORT_VISIBILITY = YES;
				SWIFT_VERSION = 5.0;
				TARGETED_DEVICE_FAMILY = "1,2";
				TEST_HOST = "$(BUILT_PRODUCTS_DIR)/Anchor.app/$(BUNDLE_EXECUTABLE_FOLDER_PATH)/Anchor";
			};
			name = Release;
		};
		1DD00AD72FB55D3E00D55358 /* Debug */ = {
			isa = XCBuildConfiguration;
			buildSettings = {
				CODE_SIGN_STYLE = Automatic;
				DEVELOPMENT_TEAM = 6YASPU77L7;
				GENERATE_INFOPLIST_FILE = YES;
				PRODUCT_BUNDLE_IDENTIFIER = com.Bin.AnchorUITests;
				PRODUCT_NAME = "$(TARGET_NAME)";
				STRING_CATALOG_GENERATE_SYMBOLS = NO;
				SWIFT_APPROACHABLE_CONCURRENCY = YES;
				SWIFT_EMIT_LOC_STRINGS = NO;
				SWIFT_UPCOMING_FEATURE_MEMBER_IMPORT_VISIBILITY = YES;
				SWIFT_VERSION = 5.0;
				TARGETED_DEVICE_FAMILY = "1,2";
				TEST_TARGET_NAME = Anchor;
			};
			name = Debug;
		};
		1DD00AD82FB55D3E00D55358 /* Release */ = {
			isa = XCBuildConfiguration;
			buildSettings = {
				CODE_SIGN_STYLE = Automatic;
				DEVELOPMENT_TEAM = 6YASPU77L7;
				GENERATE_INFOPLIST_FILE = YES;
				PRODUCT_BUNDLE_IDENTIFIER = com.Bin.AnchorUITests;
				PRODUCT_NAME = "$(TARGET_NAME)";
				STRING_CATALOG_GENERATE_SYMBOLS = NO;
				SWIFT_APPROACHABLE_CONCURRENCY = YES;
				SWIFT_EMIT_LOC_STRINGS = NO;
				SWIFT_UPCOMING_FEATURE_MEMBER_IMPORT_VISIBILITY = YES;
				SWIFT_VERSION = 5.0;
				TARGETED_DEVICE_FAMILY = "1,2";
				TEST_TARGET_NAME = Anchor;
			};
			name = Release;
		};
		A10000D12FB55D3E00D55358 /* Debug */ = {
			isa = XCBuildConfiguration;
			buildSettings = {
				APPLICATION_EXTENSION_API_ONLY = YES;
				CODE_SIGN_ENTITLEMENTS = AnchorShieldConfiguration/AnchorShieldConfigurationDebug.entitlements;
				CODE_SIGN_STYLE = Automatic;
				DEVELOPMENT_TEAM = 6YASPU77L7;
				GENERATE_INFOPLIST_FILE = NO;
				INFOPLIST_FILE = AnchorShieldConfigurationInfo.plist;
				INFOPLIST_KEY_CFBundleDisplayName = AnchorShieldConfiguration;
				INFOPLIST_KEY_NSExtension_NSExtensionPointIdentifier = "com.apple.ManagedSettingsUI.shield-configuration-service";
				INFOPLIST_KEY_NSExtension_NSExtensionPrincipalClass = "$(PRODUCT_MODULE_NAME).ShieldConfigurationExtension";
				IPHONEOS_DEPLOYMENT_TARGET = 17.0;
				LD_RUNPATH_SEARCH_PATHS = (
					"$(inherited)",
					"@executable_path/Frameworks",
					"@executable_path/../../Frameworks",
				);
				PRODUCT_BUNDLE_IDENTIFIER = com.rbqls6651.anchor.ShieldConfiguration;
				PRODUCT_NAME = "$(TARGET_NAME)";
				SKIP_INSTALL = YES;
				SWIFT_EMIT_LOC_STRINGS = YES;
				SWIFT_VERSION = 5.0;
				TARGETED_DEVICE_FAMILY = "1,2";
			};
			name = Debug;
		};
		A10000D22FB55D3E00D55358 /* Release */ = {
			isa = XCBuildConfiguration;
			buildSettings = {
				APPLICATION_EXTENSION_API_ONLY = YES;
				CODE_SIGN_ENTITLEMENTS = AnchorShieldConfiguration/AnchorShieldConfiguration.entitlements;
				CODE_SIGN_STYLE = Automatic;
				DEVELOPMENT_TEAM = 6YASPU77L7;
				GENERATE_INFOPLIST_FILE = NO;
				INFOPLIST_FILE = AnchorShieldConfigurationInfo.plist;
				INFOPLIST_KEY_CFBundleDisplayName = AnchorShieldConfiguration;
				INFOPLIST_KEY_NSExtension_NSExtensionPointIdentifier = "com.apple.ManagedSettingsUI.shield-configuration-service";
				INFOPLIST_KEY_NSExtension_NSExtensionPrincipalClass = "$(PRODUCT_MODULE_NAME).ShieldConfigurationExtension";
				IPHONEOS_DEPLOYMENT_TARGET = 17.0;
				LD_RUNPATH_SEARCH_PATHS = (
					"$(inherited)",
					"@executable_path/Frameworks",
					"@executable_path/../../Frameworks",
				);
				PRODUCT_BUNDLE_IDENTIFIER = com.rbqls6651.anchor.ShieldConfiguration;
				PRODUCT_NAME = "$(TARGET_NAME)";
				SKIP_INSTALL = YES;
				SWIFT_EMIT_LOC_STRINGS = YES;
				SWIFT_VERSION = 5.0;
				TARGETED_DEVICE_FAMILY = "1,2";
			};
			name = Release;
		};
		B2DAM0082FBAE00100D55358 /* Debug */ = {
			isa = XCBuildConfiguration;
			buildSettings = {
				APPLICATION_EXTENSION_API_ONLY = YES;
				CODE_SIGN_ENTITLEMENTS = AnchorDeviceActivityMonitor/AnchorDeviceActivityMonitorDebug.entitlements;
				CODE_SIGN_STYLE = Automatic;
				DEVELOPMENT_TEAM = 6YASPU77L7;
				GENERATE_INFOPLIST_FILE = YES;
				INFOPLIST_FILE = AnchorDeviceActivityMonitorInfo.plist;
				INFOPLIST_KEY_CFBundleDisplayName = AnchorDeviceActivityMonitor;
				INFOPLIST_KEY_NSExtension_NSExtensionPointIdentifier = "com.apple.deviceactivity.monitor-extension";
				INFOPLIST_KEY_NSExtension_NSExtensionPrincipalClass = "$(PRODUCT_MODULE_NAME).DeviceActivityMonitorExtension";
				IPHONEOS_DEPLOYMENT_TARGET = 17.0;
				LD_RUNPATH_SEARCH_PATHS = (
					"$(inherited)",
					"@executable_path/Frameworks",
					"@executable_path/../../Frameworks",
				);
				PRODUCT_BUNDLE_IDENTIFIER = com.rbqls6651.anchor.DeviceActivityMonitor;
				PRODUCT_NAME = "$(TARGET_NAME)";
				SKIP_INSTALL = YES;
				SWIFT_EMIT_LOC_STRINGS = YES;
				SWIFT_VERSION = 5.0;
				TARGETED_DEVICE_FAMILY = "1,2";
			};
			name = Debug;
		};
		B2DAM0092FBAE00100D55358 /* Release */ = {
			isa = XCBuildConfiguration;
			buildSettings = {
				APPLICATION_EXTENSION_API_ONLY = YES;
				CODE_SIGN_ENTITLEMENTS = AnchorDeviceActivityMonitor/AnchorDeviceActivityMonitor.entitlements;
				CODE_SIGN_STYLE = Automatic;
				DEVELOPMENT_TEAM = 6YASPU77L7;
				GENERATE_INFOPLIST_FILE = YES;
				INFOPLIST_FILE = AnchorDeviceActivityMonitorInfo.plist;
				INFOPLIST_KEY_CFBundleDisplayName = AnchorDeviceActivityMonitor;
				INFOPLIST_KEY_NSExtension_NSExtensionPointIdentifier = "com.apple.deviceactivity.monitor-extension";
				INFOPLIST_KEY_NSExtension_NSExtensionPrincipalClass = "$(PRODUCT_MODULE_NAME).DeviceActivityMonitorExtension";
				IPHONEOS_DEPLOYMENT_TARGET = 17.0;
				LD_RUNPATH_SEARCH_PATHS = (
					"$(inherited)",
					"@executable_path/Frameworks",
					"@executable_path/../../Frameworks",
				);
				PRODUCT_BUNDLE_IDENTIFIER = com.rbqls6651.anchor.DeviceActivityMonitor;
				PRODUCT_NAME = "$(TARGET_NAME)";
				SKIP_INSTALL = YES;
				SWIFT_EMIT_LOC_STRINGS = YES;
				SWIFT_VERSION = 5.0;
				TARGETED_DEVICE_FAMILY = "1,2";
			};
			name = Release;
		};
		C1WGT0082FBAE00100D55358 /* Debug */ = {
			isa = XCBuildConfiguration;
			buildSettings = {
				APPLICATION_EXTENSION_API_ONLY = YES;
				CODE_SIGN_ENTITLEMENTS = AnchorWidget/AnchorWidget.entitlements;
				CODE_SIGN_STYLE = Automatic;
				DEVELOPMENT_TEAM = 6YASPU77L7;
				GENERATE_INFOPLIST_FILE = YES;
				INFOPLIST_FILE = AnchorWidgetInfo.plist;
				INFOPLIST_KEY_CFBundleDisplayName = AnchorWidget;
				INFOPLIST_KEY_NSExtension_NSExtensionPointIdentifier = "com.apple.widgetkit-extension";
				IPHONEOS_DEPLOYMENT_TARGET = 17.0;
				LD_RUNPATH_SEARCH_PATHS = (
					"$(inherited)",
					"@executable_path/Frameworks",
					"@executable_path/../../Frameworks",
				);
				PRODUCT_BUNDLE_IDENTIFIER = com.rbqls6651.anchor.widget;
				PRODUCT_NAME = "$(TARGET_NAME)";
				SKIP_INSTALL = YES;
				SWIFT_EMIT_LOC_STRINGS = YES;
				SWIFT_VERSION = 5.0;
				TARGETED_DEVICE_FAMILY = "1,2";
			};
			name = Debug;
		};
		C1WGT0092FBAE00100D55358 /* Release */ = {
			isa = XCBuildConfiguration;
			buildSettings = {
				APPLICATION_EXTENSION_API_ONLY = YES;
				CODE_SIGN_ENTITLEMENTS = AnchorWidget/AnchorWidget.entitlements;
				CODE_SIGN_STYLE = Automatic;
				DEVELOPMENT_TEAM = 6YASPU77L7;
				GENERATE_INFOPLIST_FILE = YES;
				INFOPLIST_FILE = AnchorWidgetInfo.plist;
				INFOPLIST_KEY_CFBundleDisplayName = AnchorWidget;
				INFOPLIST_KEY_NSExtension_NSExtensionPointIdentifier = "com.apple.widgetkit-extension";
				IPHONEOS_DEPLOYMENT_TARGET = 17.0;
				LD_RUNPATH_SEARCH_PATHS = (
					"$(inherited)",
					"@executable_path/Frameworks",
					"@executable_path/../../Frameworks",
				);
				PRODUCT_BUNDLE_IDENTIFIER = com.rbqls6651.anchor.widget;
				PRODUCT_NAME = "$(TARGET_NAME)";
				SKIP_INSTALL = YES;
				SWIFT_EMIT_LOC_STRINGS = YES;
				SWIFT_VERSION = 5.0;
				TARGETED_DEVICE_FAMILY = "1,2";
			};
			name = Release;
		};
/* End XCBuildConfiguration section */

/* Begin XCConfigurationList section */
		1D1FC0C22FBA9D1500375B72 /* Build configuration list for PBXNativeTarget "AnchorShieldAction" */ = {
			isa = XCConfigurationList;
			buildConfigurations = (
				1D1FC0BF2FBA9D1500375B72 /* Debug */,
				1D1FC0C02FBA9D1500375B72 /* Release */,
			);
			defaultConfigurationIsVisible = 0;
			defaultConfigurationName = Release;
		};
		1DD00AAA2FB55D3C00D55358 /* Build configuration list for PBXProject "Anchor" */ = {
			isa = XCConfigurationList;
			buildConfigurations = (
				1DD00ACE2FB55D3E00D55358 /* Debug */,
				1DD00ACF2FB55D3E00D55358 /* Release */,
			);
			defaultConfigurationIsVisible = 0;
			defaultConfigurationName = Release;
		};
		1DD00AD02FB55D3E00D55358 /* Build configuration list for PBXNativeTarget "Anchor" */ = {
			isa = XCConfigurationList;
			buildConfigurations = (
				1DD00AD12FB55D3E00D55358 /* Debug */,
				1DD00AD22FB55D3E00D55358 /* Release */,
			);
			defaultConfigurationIsVisible = 0;
			defaultConfigurationName = Release;
		};
		1DD00AD32FB55D3E00D55358 /* Build configuration list for PBXNativeTarget "AnchorTests" */ = {
			isa = XCConfigurationList;
			buildConfigurations = (
				1DD00AD42FB55D3E00D55358 /* Debug */,
				1DD00AD52FB55D3E00D55358 /* Release */,
			);
			defaultConfigurationIsVisible = 0;
			defaultConfigurationName = Release;
		};
		1DD00AD62FB55D3E00D55358 /* Build configuration list for PBXNativeTarget "AnchorUITests" */ = {
			isa = XCConfigurationList;
			buildConfigurations = (
				1DD00AD72FB55D3E00D55358 /* Debug */,
				1DD00AD82FB55D3E00D55358 /* Release */,
			);
			defaultConfigurationIsVisible = 0;
			defaultConfigurationName = Release;
		};
		A10000D02FB55D3E00D55358 /* Build configuration list for PBXNativeTarget "AnchorShieldConfiguration" */ = {
			isa = XCConfigurationList;
			buildConfigurations = (
				A10000D12FB55D3E00D55358 /* Debug */,
				A10000D22FB55D3E00D55358 /* Release */,
			);
			defaultConfigurationIsVisible = 0;
			defaultConfigurationName = Release;
		};
		B2DAM0072FBAE00100D55358 /* Build configuration list for PBXNativeTarget "AnchorDeviceActivityMonitor" */ = {
			isa = XCConfigurationList;
			buildConfigurations = (
				B2DAM0082FBAE00100D55358 /* Debug */,
				B2DAM0092FBAE00100D55358 /* Release */,
			);
			defaultConfigurationIsVisible = 0;
			defaultConfigurationName = Release;
		};
		C1WGT0072FBAE00100D55358 /* Build configuration list for PBXNativeTarget "AnchorWidgetExtension" */ = {
			isa = XCConfigurationList;
			buildConfigurations = (
				C1WGT0082FBAE00100D55358 /* Debug */,
				C1WGT0092FBAE00100D55358 /* Release */,
			);
			defaultConfigurationIsVisible = 0;
			defaultConfigurationName = Release;
		};
/* End XCConfigurationList section */
	};
	rootObject = 1DD00AA72FB55D3C00D55358 /* Project object */;
}
